
Microsoft Visual Studio Solution File, Format Version 12.00
# Visual Studio Version 17
VisualStudioVersion = 17.9.34622.214
MinimumVisualStudioVersion = 10.0.40219.1
Project("{FAE04EC0-301F-11D3-BF4B-00C04F79EFBC}") = "AyeshaAliDesign", "AyeshaAliDesign\AyeshaAliDesign.csproj", "{54706A93-F00A-44D5-90CF-EFD3772FE607}"
EndProject
Project("{FAE04EC0-301F-11D3-BF4B-00C04F79EFBC}") = "Models", "Models\Models.csproj", "{7C465034-324F-42E0-9B22-6C41F0AAD9B6}"
EndProject
Global
	GlobalSection(SolutionConfigurationPlatforms) = preSolution
		Debug|Any CPU = Debug|Any CPU
		Release|Any CPU = Release|Any CPU
	EndGlobalSection
	GlobalSection(ProjectConfigurationPlatforms) = postSolution
		{54706A93-F00A-44D5-90CF-EFD3772FE607}.Debug|Any CPU.ActiveCfg = Debug|Any CPU
		{54706A93-F00A-44D5-90CF-EFD3772FE607}.Debug|Any CPU.Build.0 = Debug|Any CPU
		{54706A93-F00A-44D5-90CF-EFD3772FE607}.Release|Any CPU.ActiveCfg = Release|Any CPU
		{54706A93-F00A-44D5-90CF-EFD3772FE607}.Release|Any CPU.Build.0 = Release|Any CPU
		{7C465034-324F-42E0-9B22-6C41F0AAD9B6}.Debug|Any CPU.ActiveCfg = Debug|Any CPU
		{7C465034-324F-42E0-9B22-6C41F0AAD9B6}.Debug|Any CPU.Build.0 = Debug|Any CPU
		{7C465034-324F-42E0-9B22-6C41F0AAD9B6}.Release|Any CPU.ActiveCfg = Release|Any CPU
		{7C465034-324F-42E0-9B22-6C41F0AAD9B6}.Release|Any CPU.Build.0 = Release|Any CPU
	EndGlobalSection
	GlobalSection(SolutionProperties) = preSolution
		HideSolutionNode = FALSE
	EndGlobalSection
	GlobalSection(ExtensibilityGlobals) = postSolution
		SolutionGuid = {A106C68B-4B4B-4E65-B983-9E0F07F071D0}
	EndGlobalSection
EndGlobal
